
Microsoft Visual Studio Solution File, Format Version 12.00
# Visual Studio Version 16
VisualStudioVersion = 16.0.31424.327
MinimumVisualStudioVersion = 10.0.40219.1
Project("{FAE04EC0-301F-11D3-BF4B-00C04F79EFBC}") = "LinkedList", "LinkedList.csproj", "{D1714BED-EFBB-4597-AE91-7EC7E9D2720A}"
EndProject
Global
	GlobalSection(SolutionConfigurationPlatforms) = preSolution
		Debug|Any CPU = Debug|Any CPU
		Release|Any CPU = Release|Any CPU
	EndGlobalSection
	GlobalSection(ProjectConfigurationPlatforms) = postSolution
		{D1714BED-EFBB-4597-AE91-7EC7E9D2720A}.Debug|Any CPU.ActiveCfg = Debug|Any CPU
		{D1714BED-EFBB-4597-AE91-7EC7E9D2720A}.Debug|Any CPU.Build.0 = Debug|Any CPU
		{D1714BED-EFBB-4597-AE91-7EC7E9D2720A}.Release|Any CPU.ActiveCfg = Release|Any CPU
		{D1714BED-EFBB-4597-AE91-7EC7E9D2720A}.Release|Any CPU.Build.0 = Release|Any CPU
	EndGlobalSection
	GlobalSection(SolutionProperties) = preSolution
		HideSolutionNode = FALSE
	EndGlobalSection
	GlobalSection(ExtensibilityGlobals) = postSolution
		SolutionGuid = {8B5742AB-9A62-4B46-A26D-C864AE8808A6}
	EndGlobalSection
EndGlobal
